// !$*UTF8*$!
{
	archiveVersion = 1;
	classes = {
	};
	objectVersion = 50;
	objects = {

/* Begin PBXBuildFile section */
		066030B72124A67A002AE519 /* HeaderCollectionReusableView.m in Sources */ = {isa = PBXBuildFile; fileRef = 066030B62124A67A002AE519 /* HeaderCollectionReusableView.m */; };
		06CC83CD212454740032E3B4 /* AppDelegate.m in Sources */ = {isa = PBXBuildFile; fileRef = 06CC83CC212454740032E3B4 /* AppDelegate.m */; };
		06CC83D0212454740032E3B4 /* ViewController.m in Sources */ = {isa = PBXBuildFile; fileRef = 06CC83CF212454740032E3B4 /* ViewController.m */; };
		06CC83D3212454740032E3B4 /* Main.storyboard in Resources */ = {isa = PBXBuildFile; fileRef = 06CC83D1212454740032E3B4 /* Main.storyboard */; };
		06CC83D5212454750032E3B4 /* Assets.xcassets in Resources */ = {isa = PBXBuildFile; fileRef = 06CC83D4212454750032E3B4 /* Assets.xcassets */; };
		06CC83D8212454750032E3B4 /* LaunchScreen.storyboard in Resources */ = {isa = PBXBuildFile; fileRef = 06CC83D6212454750032E3B4 /* LaunchScreen.storyboard */; };
		06CC83DB212454750032E3B4 /* main.m in Sources */ = {isa = PBXBuildFile; fileRef = 06CC83DA212454750032E3B4 /* main.m */; };
		06CC83E5212454750032E3B4 /* InstaKiloTests.m in Sources */ = {isa = PBXBuildFile; fileRef = 06CC83E4212454750032E3B4 /* InstaKiloTests.m */; };
		06CC83F0212454750032E3B4 /* InstaKiloUITests.m in Sources */ = {isa = PBXBuildFile; fileRef = 06CC83EF212454750032E3B4 /* InstaKiloUITests.m */; };
		06CC840521248A770032E3B4 /* Photo.m in Sources */ = {isa = PBXBuildFile; fileRef = 06CC840421248A770032E3B4 /* Photo.m */; };
		06CC840821248C310032E3B4 /* CollectionViewCell.m in Sources */ = {isa = PBXBuildFile; fileRef = 06CC840721248C310032E3B4 /* CollectionViewCell.m */; };
		06CC840B212490920032E3B4 /* DataManager.m in Sources */ = {isa = PBXBuildFile; fileRef = 06CC840A212490920032E3B4 /* DataManager.m */; };
		06CC840E2124967C0032E3B4 /* PhotoCategory.m in Sources */ = {isa = PBXBuildFile; fileRef = 06CC840D2124967C0032E3B4 /* PhotoCategory.m */; };
/* End PBXBuildFile section */

/* Begin PBXContainerItemProxy section */
		06CC83E1212454750032E3B4 /* PBXContainerItemProxy */ = {
			isa = PBXContainerItemProxy;
			containerPortal = 06CC83C0212454740032E3B4 /* Project object */;
			proxyType = 1;
			remoteGlobalIDString = 06CC83C7212454740032E3B4;
			remoteInfo = InstaKilo;
		};
		06CC83EC212454750032E3B4 /* PBXContainerItemProxy */ = {
			isa = PBXContainerItemProxy;
			containerPortal = 06CC83C0212454740032E3B4 /* Project object */;
			proxyType = 1;
			remoteGlobalIDString = 06CC83C7212454740032E3B4;
			remoteInfo = InstaKilo;
		};
/* End PBXContainerItemProxy section */

/* Begin PBXFileReference section */
		066030B52124A67A002AE519 /* HeaderCollectionReusableView.h */ = {isa = PBXFileReference; lastKnownFileType = sourcecode.c.h; path = HeaderCollectionReusableView.h; sourceTree = "<group>"; };
		066030B62124A67A002AE519 /* HeaderCollectionReusableView.m */ = {isa = PBXFileReference; lastKnownFileType = sourcecode.c.objc; path = HeaderCollectionReusableView.m; sourceTree = "<group>"; };
		06CC83C8212454740032E3B4 /* InstaKilo.app */ = {isa = PBXFileReference; explicitFileType = wrapper.application; includeInIndex = 0; path = InstaKilo.app; sourceTree = BUILT_PRODUCTS_DIR; };
		06CC83CB212454740032E3B4 /* AppDelegate.h */ = {isa = PBXFileReference; lastKnownFileType = sourcecode.c.h; path = AppDelegate.h; sourceTree = "<group>"; };
		06CC83CC212454740032E3B4 /* AppDelegate.m */ = {isa = PBXFileReference; lastKnownFileType = sourcecode.c.objc; path = AppDelegate.m; sourceTree = "<group>"; };
		06CC83CE212454740032E3B4 /* ViewController.h */ = {isa = PBXFileReference; lastKnownFileType = sourcecode.c.h; path = ViewController.h; sourceTree = "<group>"; };
		06CC83CF212454740032E3B4 /* ViewController.m */ = {isa = PBXFileReference; lastKnownFileType = sourcecode.c.objc; path = ViewController.m; sourceTree = "<group>"; };
		06CC83D2212454740032E3B4 /* Base */ = {isa = PBXFileReference; lastKnownFileType = file.storyboard; name = Base; path = Base.lproj/Main.storyboard; sourceTree = "<group>"; };
		06CC83D4212454750032E3B4 /* Assets.xcassets */ = {isa = PBXFileReference; lastKnownFileType = folder.assetcatalog; path = Assets.xcassets; sourceTree = "<group>"; };
		06CC83D7212454750032E3B4 /* Base */ = {isa = PBXFileReference; lastKnownFileType = file.storyboard; name = Base; path = Base.lproj/LaunchScreen.storyboard; sourceTree = "<group>"; };
		06CC83D9212454750032E3B4 /* Info.plist */ = {isa = PBXFileReference; lastKnownFileType = text.plist.xml; path = Info.plist; sourceTree = "<group>"; };
		06CC83DA212454750032E3B4 /* main.m */ = {isa = PBXFileReference; lastKnownFileType = sourcecode.c.objc; path = main.m; sourceTree = "<group>"; };
		06CC83E0212454750032E3B4 /* InstaKiloTests.xctest */ = {isa = PBXFileReference; explicitFileType = wrapper.cfbundle; includeInIndex = 0; path = InstaKiloTests.xctest; sourceTree = BUILT_PRODUCTS_DIR; };
		06CC83E4212454750032E3B4 /* InstaKiloTests.m */ = {isa = PBXFileReference; lastKnownFileType = sourcecode.c.objc; path = InstaKiloTests.m; sourceTree = "<group>"; };
		06CC83E6212454750032E3B4 /* Info.plist */ = {isa = PBXFileReference; lastKnownFileType = text.plist.xml; path = Info.plist; sourceTree = "<group>"; };
		06CC83EB212454750032E3B4 /* InstaKiloUITests.xctest */ = {isa = PBXFileReference; explicitFileType = wrapper.cfbundle; includeInIndex = 0; path = InstaKiloUITests.xctest; sourceTree = BUILT_PRODUCTS_DIR; };
		06CC83EF212454750032E3B4 /* InstaKiloUITests.m */ = {isa = PBXFileReference; lastKnownFileType = sourcecode.c.objc; path = InstaKiloUITests.m; sourceTree = "<group>"; };
		06CC83F1212454750032E3B4 /* Info.plist */ = {isa = PBXFileReference; lastKnownFileType = text.plist.xml; path = Info.plist; sourceTree = "<group>"; };
		06CC840321248A770032E3B4 /* Photo.h */ = {isa = PBXFileReference; lastKnownFileType = sourcecode.c.h; path = Photo.h; sourceTree = "<group>"; };
		06CC840421248A770032E3B4 /* Photo.m */ = {isa = PBXFileReference; lastKnownFileType = sourcecode.c.objc; path = Photo.m; sourceTree = "<group>"; };
		06CC840621248C310032E3B4 /* CollectionViewCell.h */ = {isa = PBXFileReference; lastKnownFileType = sourcecode.c.h; path = CollectionViewCell.h; sourceTree = "<group>"; };
		06CC840721248C310032E3B4 /* CollectionViewCell.m */ = {isa = PBXFileReference; lastKnownFileType = sourcecode.c.objc; path = CollectionViewCell.m; sourceTree = "<group>"; };
		06CC8409212490920032E3B4 /* DataManager.h */ = {isa = PBXFileReference; lastKnownFileType = sourcecode.c.h; path = DataManager.h; sourceTree = "<group>"; };
		06CC840A212490920032E3B4 /* DataManager.m */ = {isa = PBXFileReference; lastKnownFileType = sourcecode.c.objc; path = DataManager.m; sourceTree = "<group>"; };
		06CC840C2124967C0032E3B4 /* PhotoCategory.h */ = {isa = PBXFileReference; lastKnownFileType = sourcecode.c.h; path = PhotoCategory.h; sourceTree = "<group>"; };
		06CC840D2124967C0032E3B4 /* PhotoCategory.m */ = {isa = PBXFileReference; lastKnownFileType = sourcecode.c.objc; path = PhotoCategory.m; sourceTree = "<group>"; };
/* End PBXFileReference section */

/* Begin PBXFrameworksBuildPhase section */
		06CC83C5212454740032E3B4 /* Frameworks */ = {
			isa = PBXFrameworksBuildPhase;
			buildActionMask = 2147483647;
			files = (
			);
			runOnlyForDeploymentPostprocessing = 0;
		};
		06CC83DD212454750032E3B4 /* Frameworks */ = {
			isa = PBXFrameworksBuildPhase;
			buildActionMask = 2147483647;
			files = (
			);
			runOnlyForDeploymentPostprocessing = 0;
		};
		06CC83E8212454750032E3B4 /* Frameworks */ = {
			isa = PBXFrameworksBuildPhase;
			buildActionMask = 2147483647;
			files = (
			);
			runOnlyForDeploymentPostprocessing = 0;
		};
/* End PBXFrameworksBuildPhase section */

/* Begin PBXGroup section */
		06CC83BF212454740032E3B4 = {
			isa = PBXGroup;
			children = (
				06CC83CA212454740032E3B4 /* InstaKilo */,
				06CC83E3212454750032E3B4 /* InstaKiloTests */,
				06CC83EE212454750032E3B4 /* InstaKiloUITests */,
				06CC83C9212454740032E3B4 /* Products */,
			);
			sourceTree = "<group>";
		};
		06CC83C9212454740032E3B4 /* Products */ = {
			isa = PBXGroup;
			children = (
				06CC83C8212454740032E3B4 /* InstaKilo.app */,
				06CC83E0212454750032E3B4 /* InstaKiloTests.xctest */,
				06CC83EB212454750032E3B4 /* InstaKiloUITests.xctest */,
			);
			name = Products;
			sourceTree = "<group>";
		};
		06CC83CA212454740032E3B4 /* InstaKilo */ = {
			isa = PBXGroup;
			children = (
				06CC83CB212454740032E3B4 /* AppDelegate.h */,
				06CC83CC212454740032E3B4 /* AppDelegate.m */,
				06CC8409212490920032E3B4 /* DataManager.h */,
				06CC840A212490920032E3B4 /* DataManager.m */,
				06CC840321248A770032E3B4 /* Photo.h */,
				06CC840421248A770032E3B4 /* Photo.m */,
				06CC840C2124967C0032E3B4 /* PhotoCategory.h */,
				06CC840D2124967C0032E3B4 /* PhotoCategory.m */,
				06CC83CE212454740032E3B4 /* ViewController.h */,
				06CC83CF212454740032E3B4 /* ViewController.m */,
				066030B52124A67A002AE519 /* HeaderCollectionReusableView.h */,
				066030B62124A67A002AE519 /* HeaderCollectionReusableView.m */,
				06CC840621248C310032E3B4 /* CollectionViewCell.h */,
				06CC840721248C310032E3B4 /* CollectionViewCell.m */,
				06CC83D1212454740032E3B4 /* Main.storyboard */,
				06CC83D4212454750032E3B4 /* Assets.xcassets */,
				06CC83D6212454750032E3B4 /* LaunchScreen.storyboard */,
				06CC83D9212454750032E3B4 /* Info.plist */,
				06CC83DA212454750032E3B4 /* main.m */,
			);
			path = InstaKilo;
			sourceTree = "<group>";
		};
		06CC83E3212454750032E3B4 /* InstaKiloTests */ = {
			isa = PBXGroup;
			children = (
				06CC83E4212454750032E3B4 /* InstaKiloTests.m */,
				06CC83E6212454750032E3B4 /* Info.plist */,
			);
			path = InstaKiloTests;
			sourceTree = "<group>";
		};
		06CC83EE212454750032E3B4 /* InstaKiloUITests */ = {
			isa = PBXGroup;
			children = (
				06CC83EF212454750032E3B4 /* InstaKiloUITests.m */,
				06CC83F1212454750032E3B4 /* Info.plist */,
			);
			path = InstaKiloUITests;
			sourceTree = "<group>";
		};
/* End PBXGroup section */

/* Begin PBXNativeTarget section */
		06CC83C7212454740032E3B4 /* InstaKilo */ = {
			isa = PBXNativeTarget;
			buildConfigurationList = 06CC83F4212454750032E3B4 /* Build configuration list for PBXNativeTarget "InstaKilo" */;
			buildPhases = (
				06CC83C4212454740032E3B4 /* Sources */,
				06CC83C5212454740032E3B4 /* Frameworks */,
				06CC83C6212454740032E3B4 /* Resources */,
			);
			buildRules = (
			);
			dependencies = (
			);
			name = InstaKilo;
			productName = InstaKilo;
			productReference = 06CC83C8212454740032E3B4 /* InstaKilo.app */;
			productType = "com.apple.product-type.application";
		};
		06CC83DF212454750032E3B4 /* InstaKiloTests */ = {
			isa = PBXNativeTarget;
			buildConfigurationList = 06CC83F7212454750032E3B4 /* Build configuration list for PBXNativeTarget "InstaKiloTests" */;
			buildPhases = (
				06CC83DC212454750032E3B4 /* Sources */,
				06CC83DD212454750032E3B4 /* Frameworks */,
				06CC83DE212454750032E3B4 /* Resources */,
			);
			buildRules = (
			);
			dependencies = (
				06CC83E2212454750032E3B4 /* PBXTargetDependency */,
			);
			name = InstaKiloTests;
			productName = InstaKiloTests;
			productReference = 06CC83E0212454750032E3B4 /* InstaKiloTests.xctest */;
			productType = "com.apple.product-type.bundle.unit-test";
		};
		06CC83EA212454750032E3B4 /* InstaKiloUITests */ = {
			isa = PBXNativeTarget;
			buildConfigurationList = 06CC83FA212454750032E3B4 /* Build configuration list for PBXNativeTarget "InstaKiloUITests" */;
			buildPhases = (
				06CC83E7212454750032E3B4 /* Sources */,
				06CC83E8212454750032E3B4 /* Frameworks */,
				06CC83E9212454750032E3B4 /* Resources */,
			);
			buildRules = (
			);
			dependencies = (
				06CC83ED212454750032E3B4 /* PBXTargetDependency */,
			);
			name = InstaKiloUITests;
			productName = InstaKiloUITests;
			productReference = 06CC83EB212454750032E3B4 /* InstaKiloUITests.xctest */;
			productType = "com.apple.product-type.bundle.ui-testing";
		};
/* End PBXNativeTarget section */

/* Begin PBXProject section */
		06CC83C0212454740032E3B4 /* Project object */ = {
			isa = PBXProject;
			attributes = {
				LastUpgradeCheck = 0940;
				ORGANIZATIONNAME = NICE;
				TargetAttributes = {
					06CC83C7212454740032E3B4 = {
						CreatedOnToolsVersion = 9.4.1;
					};
					06CC83DF212454750032E3B4 = {
						CreatedOnToolsVersion = 9.4.1;
						TestTargetID = 06CC83C7212454740032E3B4;
					};
					06CC83EA212454750032E3B4 = {
						CreatedOnToolsVersion = 9.4.1;
						TestTargetID = 06CC83C7212454740032E3B4;
					};
				};
			};
			buildConfigurationList = 06CC83C3212454740032E3B4 /* Build configuration list for PBXProject "InstaKilo" */;
			compatibilityVersion = "Xcode 9.3";
			developmentRegion = en;
			hasScannedForEncodings = 0;
			knownRegions = (
				en,
				Base,
			);
			mainGroup = 06CC83BF212454740032E3B4;
			productRefGroup = 06CC83C9212454740032E3B4 /* Products */;
			projectDirPath = "";
			projectRoot = "";
			targets = (
				06CC83C7212454740032E3B4 /* InstaKilo */,
				06CC83DF212454750032E3B4 /* InstaKiloTests */,
				06CC83EA212454750032E3B4 /* InstaKiloUITests */,
			);
		};
/* End PBXProject section */

/* Begin PBXResourcesBuildPhase section */
		06CC83C6212454740032E3B4 /* Resources */ = {
			isa = PBXResourcesBuildPhase;
			buildActionMask = 2147483647;
			files = (
				06CC83D8212454750032E3B4 /* LaunchScreen.storyboard in Resources */,
				06CC83D5212454750032E3B4 /* Assets.xcassets in Resources */,
				06CC83D3212454740032E3B4 /* Main.storyboard in Resources */,
			);
			runOnlyForDeploymentPostprocessing = 0;
		};
		06CC83DE212454750032E3B4 /* Resources */ = {
			isa = PBXResourcesBuildPhase;
			buildActionMask = 2147483647;
			files = (
			);
			runOnlyForDeploymentPostprocessing = 0;
		};
		06CC83E9212454750032E3B4 /* Resources */ = {
			isa = PBXResourcesBuildPhase;
			buildActionMask = 2147483647;
			files = (
			);
			runOnlyForDeploymentPostprocessing = 0;
		};
/* End PBXResourcesBuildPhase section */

/* Begin PBXSourcesBuildPhase section */
		06CC83C4212454740032E3B4 /* Sources */ = {
			isa = PBXSourcesBuildPhase;
			buildActionMask = 2147483647;
			files = (
				06CC840521248A770032E3B4 /* Photo.m in Sources */,
				06CC840B212490920032E3B4 /* DataManager.m in Sources */,
				06CC840821248C310032E3B4 /* CollectionViewCell.m in Sources */,
				06CC83D0212454740032E3B4 /* ViewController.m in Sources */,
				066030B72124A67A002AE519 /* HeaderCollectionReusableView.m in Sources */,
				06CC83DB212454750032E3B4 /* main.m in Sources */,
				06CC840E2124967C0032E3B4 /* PhotoCategory.m in Sources */,
				06CC83CD212454740032E3B4 /* AppDelegate.m in Sources */,
			);
			runOnlyForDeploymentPostprocessing = 0;
		};
		06CC83DC212454750032E3B4 /* Sources */ = {
			isa = PBXSourcesBuildPhase;
			buildActionMask = 2147483647;
			files = (
				06CC83E5212454750032E3B4 /* InstaKiloTests.m in Sources */,
			);
			runOnlyForDeploymentPostprocessing = 0;
		};
		06CC83E7212454750032E3B4 /* Sources */ = {
			isa = PBXSourcesBuildPhase;
			buildActionMask = 2147483647;
			files = (
				06CC83F0212454750032E3B4 /* InstaKiloUITests.m in Sources */,
			);
			runOnlyForDeploymentPostprocessing = 0;
		};
/* End PBXSourcesBuildPhase section */

/* Begin PBXTargetDependency section */
		06CC83E2212454750032E3B4 /* PBXTargetDependency */ = {
			isa = PBXTargetDependency;
			target = 06CC83C7212454740032E3B4 /* InstaKilo */;
			targetProxy = 06CC83E1212454750032E3B4 /* PBXContainerItemProxy */;
		};
		06CC83ED212454750032E3B4 /* PBXTargetDependency */ = {
			isa = PBXTargetDependency;
			target = 06CC83C7212454740032E3B4 /* InstaKilo */;
			targetProxy = 06CC83EC212454750032E3B4 /* PBXContainerItemProxy */;
		};
/* End PBXTargetDependency section */

/* Begin PBXVariantGroup section */
		06CC83D1212454740032E3B4 /* Main.storyboard */ = {
			isa = PBXVariantGroup;
			children = (
				06CC83D2212454740032E3B4 /* Base */,
			);
			name = Main.storyboard;
			sourceTree = "<group>";
		};
		06CC83D6212454750032E3B4 /* LaunchScreen.storyboard */ = {
			isa = PBXVariantGroup;
			children = (
				06CC83D7212454750032E3B4 /* Base */,
			);
			name = LaunchScreen.storyboard;
			sourceTree = "<group>";
		};
/* End PBXVariantGroup section */

/* Begin XCBuildConfiguration section */
		06CC83F2212454750032E3B4 /* Debug */ = {
			isa = XCBuildConfiguration;
			buildSettings = {
				ALWAYS_SEARCH_USER_PATHS = NO;
				CLANG_ANALYZER_NONNULL = YES;
				CLANG_ANALYZER_NUMBER_OBJECT_CONVERSION = YES_AGGRESSIVE;
				CLANG_CXX_LANGUAGE_STANDARD = "gnu++14";
				CLANG_CXX_LIBRARY = "libc++";
				CLANG_ENABLE_MODULES = YES;
				CLANG_ENABLE_OBJC_ARC = YES;
				CLANG_ENABLE_OBJC_WEAK = YES;
				CLANG_WARN_BLOCK_CAPTURE_AUTORELEASING = YES;
				CLANG_WARN_BOOL_CONVERSION = YES;
				CLANG_WARN_COMMA = YES;
				CLANG_WARN_CONSTANT_CONVERSION = YES;
				CLANG_WARN_DEPRECATED_OBJC_IMPLEMENTATIONS = YES;
				CLANG_WARN_DIRECT_OBJC_ISA_USAGE = YES_ERROR;
				CLANG_WARN_DOCUMENTATION_COMMENTS = YES;
				CLANG_WARN_EMPTY_BODY = YES;
				CLANG_WARN_ENUM_CONVERSION = YES;
				CLANG_WARN_INFINITE_RECURSION = YES;
				CLANG_WARN_INT_CONVERSION = YES;
				CLANG_WARN_NON_LITERAL_NULL_CONVERSION = YES;
				CLANG_WARN_OBJC_IMPLICIT_RETAIN_SELF = YES;
				CLANG_WARN_OBJC_LITERAL_CONVERSION = YES;
				CLANG_WARN_OBJC_ROOT_CLASS = YES_ERROR;
				CLANG_WARN_RANGE_LOOP_ANALYSIS = YES;
				CLANG_WARN_STRICT_PROTOTYPES = YES;
				CLANG_WARN_SUSPICIOUS_MOVE = YES;
				CLANG_WARN_UNGUARDED_AVAILABILITY = YES_AGGRESSIVE;
				CLANG_WARN_UNREACHABLE_CODE = YES;
				CLANG_WARN__DUPLICATE_METHOD_MATCH = YES;
				CODE_SIGN_IDENTITY = "iPhone Developer";
				COPY_PHASE_STRIP = NO;
				DEBUG_INFORMATION_FORMAT = dwarf;
				ENABLE_STRICT_OBJC_MSGSEND = YES;
				ENABLE_TESTABILITY = YES;
				GCC_C_LANGUAGE_STANDARD = gnu11;
				GCC_DYNAMIC_NO_PIC = NO;
				GCC_NO_COMMON_BLOCKS = YES;
				GCC_OPTIMIZATION_LEVEL = 0;
				GCC_PREPROCESSOR_DEFINITIONS = (
					"DEBUG=1",
					"$(inherited)",
				);
				GCC_WARN_64_TO_32_BIT_CONVERSION = YES;
				GCC_WARN_ABOUT_RETURN_TYPE = YES_ERROR;
				GCC_WARN_UNDECLARED_SELECTOR = YES;
				GCC_WARN_UNINITIALIZED_AUTOS = YES_AGGRESSIVE;
				GCC_WARN_UNUSED_FUNCTION = YES;
				GCC_WARN_UNUSED_VARIABLE = YES;
				IPHONEOS_DEPLOYMENT_TARGET = 11.4;
				MTL_ENABLE_DEBUG_INFO = YES;
				ONLY_ACTIVE_ARCH = YES;
				SDKROOT = iphoneos;
			};
			name = Debug;
		};
		06CC83F3212454750032E3B4 /* Release */ = {
			isa = XCBuildConfiguration;
			buildSettings = {
				ALWAYS_SEARCH_USER_PATHS = NO;
				CLANG_ANALYZER_NONNULL = YES;
				CLANG_ANALYZER_NUMBER_OBJECT_CONVERSION = YES_AGGRESSIVE;
				CLANG_CXX_LANGUAGE_STANDARD = "gnu++14";
				CLANG_CXX_LIBRARY = "libc++";
				CLANG_ENABLE_MODULES = YES;
				CLANG_ENABLE_OBJC_ARC = YES;
				CLANG_ENABLE_OBJC_WEAK = YES;
				CLANG_WARN_BLOCK_CAPTURE_AUTORELEASING = YES;
				CLANG_WARN_BOOL_CONVERSION = YES;
				CLANG_WARN_COMMA = YES;
				CLANG_WARN_CONSTANT_CONVERSION = YES;
				CLANG_WARN_DEPRECATED_OBJC_IMPLEMENTATIONS = YES;
				CLANG_WARN_DIRECT_OBJC_ISA_USAGE = YES_ERROR;
				CLANG_WARN_DOCUMENTATION_COMMENTS = YES;
				CLANG_WARN_EMPTY_BODY = YES;
				CLANG_WARN_ENUM_CONVERSION = YES;
				CLANG_WARN_INFINITE_RECURSION = YES;
				CLANG_WARN_INT_CONVERSION = YES;
				CLANG_WARN_NON_LITERAL_NULL_CONVERSION = YES;
				CLANG_WARN_OBJC_IMPLICIT_RETAIN_SELF = YES;
				CLANG_WARN_OBJC_LITERAL_CONVERSION = YES;
				CLANG_WARN_OBJC_ROOT_CLASS = YES_ERROR;
				CLANG_WARN_RANGE_LOOP_ANALYSIS = YES;
				CLANG_WARN_STRICT_PROTOTYPES = YES;
				CLANG_WARN_SUSPICIOUS_MOVE = YES;
				CLANG_WARN_UNGUARDED_AVAILABILITY = YES_AGGRESSIVE;
				CLANG_WARN_UNREACHABLE_CODE = YES;
				CLANG_WARN__DUPLICATE_METHOD_MATCH = YES;
				CODE_SIGN_IDENTITY = "iPhone Developer";
				COPY_PHASE_STRIP = NO;
				DEBUG_INFORMATION_FORMAT = "dwarf-with-dsym";
				ENABLE_NS_ASSERTIONS = NO;
				ENABLE_STRICT_OBJC_MSGSEND = YES;
				GCC_C_LANGUAGE_STANDARD = gnu11;
				GCC_NO_COMMON_BLOCKS = YES;
				GCC_WARN_64_TO_32_BIT_CONVERSION = YES;
				GCC_WARN_ABOUT_RETURN_TYPE = YES_ERROR;
				GCC_WARN_UNDECLARED_SELECTOR = YES;
				GCC_WARN_UNINITIALIZED_AUTOS = YES_AGGRESSIVE;
				GCC_WARN_UNUSED_FUNCTION = YES;
				GCC_WARN_UNUSED_VARIABLE = YES;
				IPHONEOS_DEPLOYMENT_TARGET = 11.4;
				MTL_ENABLE_DEBUG_INFO = NO;
				SDKROOT = iphoneos;
				VALIDATE_PRODUCT = YES;
			};
			name = Release;
		};
		06CC83F5212454750032E3B4 /* Debug */ = {
			isa = XCBuildConfiguration;
			buildSettings = {
				ASSETCATALOG_COMPILER_APPICON_NAME = AppIcon;
				CODE_SIGN_STYLE = Automatic;
				INFOPLIST_FILE = InstaKilo/Info.plist;
				LD_RUNPATH_SEARCH_PATHS = (
					"$(inherited)",
					"@executable_path/Frameworks",
				);
				PRODUCT_BUNDLE_IDENTIFIER = nice.InstaKilo;
				PRODUCT_NAME = "$(TARGET_NAME)";
				TARGETED_DEVICE_FAMILY = "1,2";
			};
			name = Debug;
		};
		06CC83F6212454750032E3B4 /* Release */ = {
			isa = XCBuildConfiguration;
			buildSettings = {
				ASSETCATALOG_COMPILER_APPICON_NAME = AppIcon;
				CODE_SIGN_STYLE = Automatic;
				INFOPLIST_FILE = InstaKilo/Info.plist;
				LD_RUNPATH_SEARCH_PATHS = (
					"$(inherited)",
					"@executable_path/Frameworks",
				);
				PRODUCT_BUNDLE_IDENTIFIER = nice.InstaKilo;
				PRODUCT_NAME = "$(TARGET_NAME)";
				TARGETED_DEVICE_FAMILY = "1,2";
			};
			name = Release;
		};
		06CC83F8212454750032E3B4 /* Debug */ = {
			isa = XCBuildConfiguration;
			buildSettings = {
				BUNDLE_LOADER = "$(TEST_HOST)";
				CODE_SIGN_STYLE = Automatic;
				INFOPLIST_FILE = InstaKiloTests/Info.plist;
				LD_RUNPATH_SEARCH_PATHS = (
					"$(inherited)",
					"@executable_path/Frameworks",
					"@loader_path/Frameworks",
				);
				PRODUCT_BUNDLE_IDENTIFIER = nice.InstaKiloTests;
				PRODUCT_NAME = "$(TARGET_NAME)";
				TARGETED_DEVICE_FAMILY = "1,2";
				TEST_HOST = "$(BUILT_PRODUCTS_DIR)/InstaKilo.app/InstaKilo";
			};
			name = Debug;
		};
		06CC83F9212454750032E3B4 /* Release */ = {
			isa = XCBuildConfiguration;
			buildSettings = {
				BUNDLE_LOADER = "$(TEST_HOST)";
				CODE_SIGN_STYLE = Automatic;
				INFOPLIST_FILE = InstaKiloTests/Info.plist;
				LD_RUNPATH_SEARCH_PATHS = (
					"$(inherited)",
					"@executable_path/Frameworks",
					"@loader_path/Frameworks",
				);
				PRODUCT_BUNDLE_IDENTIFIER = nice.InstaKiloTests;
				PRODUCT_NAME = "$(TARGET_NAME)";
				TARGETED_DEVICE_FAMILY = "1,2";
				TEST_HOST = "$(BUILT_PRODUCTS_DIR)/InstaKilo.app/InstaKilo";
			};
			name = Release;
		};
		06CC83FB212454750032E3B4 /* Debug */ = {
			isa = XCBuildConfiguration;
			buildSettings = {
				CODE_SIGN_STYLE = Automatic;
				INFOPLIST_FILE = InstaKiloUITests/Info.plist;
				LD_RUNPATH_SEARCH_PATHS = (
					"$(inherited)",
					"@executable_path/Frameworks",
					"@loader_path/Frameworks",
				);
				PRODUCT_BUNDLE_IDENTIFIER = nice.InstaKiloUITests;
				PRODUCT_NAME = "$(TARGET_NAME)";
				TARGETED_DEVICE_FAMILY = "1,2";
				TEST_TARGET_NAME = InstaKilo;
			};
			name = Debug;
		};
		06CC83FC212454750032E3B4 /* Release */ = {
			isa = XCBuildConfiguration;
			buildSettings = {
				CODE_SIGN_STYLE = Automatic;
				INFOPLIST_FILE = InstaKiloUITests/Info.plist;
				LD_RUNPATH_SEARCH_PATHS = (
					"$(inherited)",
					"@executable_path/Frameworks",
					"@loader_path/Frameworks",
				);
				PRODUCT_BUNDLE_IDENTIFIER = nice.InstaKiloUITests;
				PRODUCT_NAME = "$(TARGET_NAME)";
				TARGETED_DEVICE_FAMILY = "1,2";
				TEST_TARGET_NAME = InstaKilo;
			};
			name = Release;
		};
/* End XCBuildConfiguration section */

/* Begin XCConfigurationList section */
		06CC83C3212454740032E3B4 /* Build configuration list for PBXProject "InstaKilo" */ = {
			isa = XCConfigurationList;
			buildConfigurations = (
				06CC83F2212454750032E3B4 /* Debug */,
				06CC83F3212454750032E3B4 /* Release */,
			);
			defaultConfigurationIsVisible = 0;
			defaultConfigurationName = Release;
		};
		06CC83F4212454750032E3B4 /* Build configuration list for PBXNativeTarget "InstaKilo" */ = {
			isa = XCConfigurationList;
			buildConfigurations = (
				06CC83F5212454750032E3B4 /* Debug */,
				06CC83F6212454750032E3B4 /* Release */,
			);
			defaultConfigurationIsVisible = 0;
			defaultConfigurationName = Release;
		};
		06CC83F7212454750032E3B4 /* Build configuration list for PBXNativeTarget "InstaKiloTests" */ = {
			isa = XCConfigurationList;
			buildConfigurations = (
				06CC83F8212454750032E3B4 /* Debug */,
				06CC83F9212454750032E3B4 /* Release */,
			);
			defaultConfigurationIsVisible = 0;
			defaultConfigurationName = Release;
		};
		06CC83FA212454750032E3B4 /* Build configuration list for PBXNativeTarget "InstaKiloUITests" */ = {
			isa = XCConfigurationList;
			buildConfigurations = (
				06CC83FB212454750032E3B4 /* Debug */,
				06CC83FC212454750032E3B4 /* Release */,
			);
			defaultConfigurationIsVisible = 0;
			defaultConfigurationName = Release;
		};
/* End XCConfigurationList section */
	};
	rootObject = 06CC83C0212454740032E3B4 /* Project object */;
}
